// !$*UTF8*$!
{
	archiveVersion = 1;
	classes = {
	};
	objectVersion = 50;
	objects = {

/* Begin PBXBuildFile section */
		18CE2947E139C41B89279EB3 /* Pods_audio_practice.framework in Frameworks */ = {isa = PBXBuildFile; fileRef = 8694FB135CB35C4AFAC196AC /* Pods_audio_practice.framework */; };
		D4419BD322C86971009E0882 /* AppDelegate.swift in Sources */ = {isa = PBXBuildFile; fileRef = D4419BD222C86971009E0882 /* AppDelegate.swift */; };
		D4419BD522C86971009E0882 /* ViewController1.swift in Sources */ = {isa = PBXBuildFile; fileRef = D4419BD422C86971009E0882 /* ViewController1.swift */; };
		D4419BDA22C86974009E0882 /* Assets.xcassets in Resources */ = {isa = PBXBuildFile; fileRef = D4419BD922C86974009E0882 /* Assets.xcassets */; };
		D4419BDD22C86974009E0882 /* LaunchScreen.storyboard in Resources */ = {isa = PBXBuildFile; fileRef = D4419BDB22C86974009E0882 /* LaunchScreen.storyboard */; };
		D4419BE822C869D2009E0882 /* ohayo01.mp3 in Resources */ = {isa = PBXBuildFile; fileRef = D4419BE422C869D1009E0882 /* ohayo01.mp3 */; };
		D4419BE922C869D2009E0882 /* ohayo04.mp3 in Resources */ = {isa = PBXBuildFile; fileRef = D4419BE522C869D2009E0882 /* ohayo04.mp3 */; };
		D4419BEA22C869D2009E0882 /* ohayo02.mp3 in Resources */ = {isa = PBXBuildFile; fileRef = D4419BE622C869D2009E0882 /* ohayo02.mp3 */; };
		D4419BEB22C869D2009E0882 /* ohayo03.mp3 in Resources */ = {isa = PBXBuildFile; fileRef = D4419BE722C869D2009E0882 /* ohayo03.mp3 */; };
		D4419BEF22C8FCD3009E0882 /* ViewController2.swift in Sources */ = {isa = PBXBuildFile; fileRef = D4419BEE22C8FCD3009E0882 /* ViewController2.swift */; };
		D4419BF522C923DE009E0882 /* ViewController3.swift in Sources */ = {isa = PBXBuildFile; fileRef = D4419BF422C923DE009E0882 /* ViewController3.swift */; };
/* End PBXBuildFile section */

/* Begin PBXFileReference section */
		85D751E9780B552588255112 /* Pods-audio-practice.release.xcconfig */ = {isa = PBXFileReference; includeInIndex = 1; lastKnownFileType = text.xcconfig; name = "Pods-audio-practice.release.xcconfig"; path = "Target Support Files/Pods-audio-practice/Pods-audio-practice.release.xcconfig"; sourceTree = "<group>"; };
		8694FB135CB35C4AFAC196AC /* Pods_audio_practice.framework */ = {isa = PBXFileReference; explicitFileType = wrapper.framework; includeInIndex = 0; path = Pods_audio_practice.framework; sourceTree = BUILT_PRODUCTS_DIR; };
		D4419BCF22C86971009E0882 /* audio-practice.app */ = {isa = PBXFileReference; explicitFileType = wrapper.application; includeInIndex = 0; path = "audio-practice.app"; sourceTree = BUILT_PRODUCTS_DIR; };
		D4419BD222C86971009E0882 /* AppDelegate.swift */ = {isa = PBXFileReference; lastKnownFileType = sourcecode.swift; path = AppDelegate.swift; sourceTree = "<group>"; };
		D4419BD422C86971009E0882 /* ViewController1.swift */ = {isa = PBXFileReference; lastKnownFileType = sourcecode.swift; path = ViewController1.swift; sourceTree = "<group>"; };
		D4419BD922C86974009E0882 /* Assets.xcassets */ = {isa = PBXFileReference; lastKnownFileType = folder.assetcatalog; path = Assets.xcassets; sourceTree = "<group>"; };
		D4419BDC22C86974009E0882 /* Base */ = {isa = PBXFileReference; lastKnownFileType = file.storyboard; name = Base; path = Base.lproj/LaunchScreen.storyboard; sourceTree = "<group>"; };
		D4419BDE22C86974009E0882 /* Info.plist */ = {isa = PBXFileReference; lastKnownFileType = text.plist.xml; path = Info.plist; sourceTree = "<group>"; };
		D4419BE422C869D1009E0882 /* ohayo01.mp3 */ = {isa = PBXFileReference; lastKnownFileType = audio.mp3; path = ohayo01.mp3; sourceTree = "<group>"; };
		D4419BE522C869D2009E0882 /* ohayo04.mp3 */ = {isa = PBXFileReference; lastKnownFileType = audio.mp3; path = ohayo04.mp3; sourceTree = "<group>"; };
		D4419BE622C869D2009E0882 /* ohayo02.mp3 */ = {isa = PBXFileReference; lastKnownFileType = audio.mp3; path = ohayo02.mp3; sourceTree = "<group>"; };
		D4419BE722C869D2009E0882 /* ohayo03.mp3 */ = {isa = PBXFileReference; lastKnownFileType = audio.mp3; path = ohayo03.mp3; sourceTree = "<group>"; };
		D4419BEE22C8FCD3009E0882 /* ViewController2.swift */ = {isa = PBXFileReference; fileEncoding = 4; lastKnownFileType = sourcecode.swift; path = ViewController2.swift; sourceTree = "<group>"; };
		D4419BF422C923DE009E0882 /* ViewController3.swift */ = {isa = PBXFileReference; lastKnownFileType = sourcecode.swift; path = ViewController3.swift; sourceTree = "<group>"; };
		E0232E9FAF2A21E8FC2B42FC /* Pods-audio-practice.debug.xcconfig */ = {isa = PBXFileReference; includeInIndex = 1; lastKnownFileType = text.xcconfig; name = "Pods-audio-practice.debug.xcconfig"; path = "Target Support Files/Pods-audio-practice/Pods-audio-practice.debug.xcconfig"; sourceTree = "<group>"; };
/* End PBXFileReference section */

/* Begin PBXFrameworksBuildPhase section */
		D4419BCC22C86971009E0882 /* Frameworks */ = {
			isa = PBXFrameworksBuildPhase;
			buildActionMask = 2147483647;
			files = (
				18CE2947E139C41B89279EB3 /* Pods_audio_practice.framework in Frameworks */,
			);
			runOnlyForDeploymentPostprocessing = 0;
		};
/* End PBXFrameworksBuildPhase section */

/* Begin PBXGroup section */
		97F91A837A175DC63E9CCDEF /* Frameworks */ = {
			isa = PBXGroup;
			children = (
				8694FB135CB35C4AFAC196AC /* Pods_audio_practice.framework */,
			);
			name = Frameworks;
			sourceTree = "<group>";
		};
		C38E24EBF0220996BAE039B1 /* Pods */ = {
			isa = PBXGroup;
			children = (
				E0232E9FAF2A21E8FC2B42FC /* Pods-audio-practice.debug.xcconfig */,
				85D751E9780B552588255112 /* Pods-audio-practice.release.xcconfig */,
			);
			path = Pods;
			sourceTree = "<group>";
		};
		D4419BC622C86971009E0882 = {
			isa = PBXGroup;
			children = (
				D4419BD122C86971009E0882 /* audio-practice */,
				D4419BD022C86971009E0882 /* Products */,
				C38E24EBF0220996BAE039B1 /* Pods */,
				97F91A837A175DC63E9CCDEF /* Frameworks */,
			);
			sourceTree = "<group>";
		};
		D4419BD022C86971009E0882 /* Products */ = {
			isa = PBXGroup;
			children = (
				D4419BCF22C86971009E0882 /* audio-practice.app */,
			);
			name = Products;
			sourceTree = "<group>";
		};
		D4419BD122C86971009E0882 /* audio-practice */ = {
			isa = PBXGroup;
			children = (
				D4419BD222C86971009E0882 /* AppDelegate.swift */,
				D4419BD422C86971009E0882 /* ViewController1.swift */,
				D4419BEE22C8FCD3009E0882 /* ViewController2.swift */,
				D4419BF422C923DE009E0882 /* ViewController3.swift */,
				D4419BD922C86974009E0882 /* Assets.xcassets */,
				D4419BDB22C86974009E0882 /* LaunchScreen.storyboard */,
				D4419BDE22C86974009E0882 /* Info.plist */,
				D4419BE422C869D1009E0882 /* ohayo01.mp3 */,
				D4419BE622C869D2009E0882 /* ohayo02.mp3 */,
				D4419BE722C869D2009E0882 /* ohayo03.mp3 */,
				D4419BE522C869D2009E0882 /* ohayo04.mp3 */,
			);
			path = "audio-practice";
			sourceTree = "<group>";
		};
/* End PBXGroup section */

/* Begin PBXNativeTarget section */
		D4419BCE22C86971009E0882 /* audio-practice */ = {
			isa = PBXNativeTarget;
			buildConfigurationList = D4419BE122C86974009E0882 /* Build configuration list for PBXNativeTarget "audio-practice" */;
			buildPhases = (
				3B8AF4D0A6DE85E77AB3F5D0 /* [CP] Check Pods Manifest.lock */,
				D4419BCB22C86971009E0882 /* Sources */,
				D4419BCC22C86971009E0882 /* Frameworks */,
				D4419BCD22C86971009E0882 /* Resources */,
				4964B9A41949F3C4A28C6743 /* [CP] Embed Pods Frameworks */,
			);
			buildRules = (
			);
			dependencies = (
			);
			name = "audio-practice";
			productName = "audio-practice";
			productReference = D4419BCF22C86971009E0882 /* audio-practice.app */;
			productType = "com.apple.product-type.application";
		};
/* End PBXNativeTarget section */

/* Begin PBXProject section */
		D4419BC722C86971009E0882 /* Project object */ = {
			isa = PBXProject;
			attributes = {
				LastSwiftUpdateCheck = 1020;
				LastUpgradeCheck = 1020;
				ORGANIZATIONNAME = jinsei_shima;
				TargetAttributes = {
					D4419BCE22C86971009E0882 = {
						CreatedOnToolsVersion = 10.2;
					};
				};
			};
			buildConfigurationList = D4419BCA22C86971009E0882 /* Build configuration list for PBXProject "audio-practice" */;
			compatibilityVersion = "Xcode 9.3";
			developmentRegion = en;
			hasScannedForEncodings = 0;
			knownRegions = (
				en,
				Base,
			);
			mainGroup = D4419BC622C86971009E0882;
			productRefGroup = D4419BD022C86971009E0882 /* Products */;
			projectDirPath = "";
			projectRoot = "";
			targets = (
				D4419BCE22C86971009E0882 /* audio-practice */,
			);
		};
/* End PBXProject section */

/* Begin PBXResourcesBuildPhase section */
		D4419BCD22C86971009E0882 /* Resources */ = {
			isa = PBXResourcesBuildPhase;
			buildActionMask = 2147483647;
			files = (
				D4419BE922C869D2009E0882 /* ohayo04.mp3 in Resources */,
				D4419BEA22C869D2009E0882 /* ohayo02.mp3 in Resources */,
				D4419BDD22C86974009E0882 /* LaunchScreen.storyboard in Resources */,
				D4419BDA22C86974009E0882 /* Assets.xcassets in Resources */,
				D4419BEB22C869D2009E0882 /* ohayo03.mp3 in Resources */,
				D4419BE822C869D2009E0882 /* ohayo01.mp3 in Resources */,
			);
			runOnlyForDeploymentPostprocessing = 0;
		};
/* End PBXResourcesBuildPhase section */

/* Begin PBXShellScriptBuildPhase section */
		3B8AF4D0A6DE85E77AB3F5D0 /* [CP] Check Pods Manifest.lock */ = {
			isa = PBXShellScriptBuildPhase;
			buildActionMask = 2147483647;
			files = (
			);
			inputFileListPaths = (
			);
			inputPaths = (
				"${PODS_PODFILE_DIR_PATH}/Podfile.lock",
				"${PODS_ROOT}/Manifest.lock",
			);
			name = "[CP] Check Pods Manifest.lock";
			outputFileListPaths = (
			);
			outputPaths = (
				"$(DERIVED_FILE_DIR)/Pods-audio-practice-checkManifestLockResult.txt",
			);
			runOnlyForDeploymentPostprocessing = 0;
			shellPath = /bin/sh;
			shellScript = "diff \"${PODS_PODFILE_DIR_PATH}/Podfile.lock\" \"${PODS_ROOT}/Manifest.lock\" > /dev/null\nif [ $? != 0 ] ; then\n    # print error to STDERR\n    echo \"error: The sandbox is not in sync with the Podfile.lock. Run 'pod install' or update your CocoaPods installation.\" >&2\n    exit 1\nfi\n# This output is used by Xcode 'outputs' to avoid re-running this script phase.\necho \"SUCCESS\" > \"${SCRIPT_OUTPUT_FILE_0}\"\n";
			showEnvVarsInLog = 0;
		};
		4964B9A41949F3C4A28C6743 /* [CP] Embed Pods Frameworks */ = {
			isa = PBXShellScriptBuildPhase;
			buildActionMask = 2147483647;
			files = (
			);
			inputFileListPaths = (
			);
			inputPaths = (
				"${PODS_ROOT}/Target Support Files/Pods-audio-practice/Pods-audio-practice-frameworks.sh",
				"${BUILT_PRODUCTS_DIR}/EasyPeasy/EasyPeasy.framework",
			);
			name = "[CP] Embed Pods Frameworks";
			outputFileListPaths = (
			);
			outputPaths = (
				"${TARGET_BUILD_DIR}/${FRAMEWORKS_FOLDER_PATH}/EasyPeasy.framework",
			);
			runOnlyForDeploymentPostprocessing = 0;
			shellPath = /bin/sh;
			shellScript = "\"${PODS_ROOT}/Target Support Files/Pods-audio-practice/Pods-audio-practice-frameworks.sh\"\n";
			showEnvVarsInLog = 0;
		};
/* End PBXShellScriptBuildPhase section */

/* Begin PBXSourcesBuildPhase section */
		D4419BCB22C86971009E0882 /* Sources */ = {
			isa = PBXSourcesBuildPhase;
			buildActionMask = 2147483647;
			files = (
				D4419BD522C86971009E0882 /* ViewController1.swift in Sources */,
				D4419BD322C86971009E0882 /* AppDelegate.swift in Sources */,
				D4419BF522C923DE009E0882 /* ViewController3.swift in Sources */,
				D4419BEF22C8FCD3009E0882 /* ViewController2.swift in Sources */,
			);
			runOnlyForDeploymentPostprocessing = 0;
		};
/* End PBXSourcesBuildPhase section */

/* Begin PBXVariantGroup section */
		D4419BDB22C86974009E0882 /* LaunchScreen.storyboard */ = {
			isa = PBXVariantGroup;
			children = (
				D4419BDC22C86974009E0882 /* Base */,
			);
			name = LaunchScreen.storyboard;
			sourceTree = "<group>";
		};
/* End PBXVariantGroup section */

/* Begin XCBuildConfiguration section */
		D4419BDF22C86974009E0882 /* Debug */ = {
			isa = XCBuildConfiguration;
			buildSettings = {
				ALWAYS_SEARCH_USER_PATHS = NO;
				CLANG_ANALYZER_NONNULL = YES;
				CLANG_ANALYZER_NUMBER_OBJECT_CONVERSION = YES_AGGRESSIVE;
				CLANG_CXX_LANGUAGE_STANDARD = "gnu++14";
				CLANG_CXX_LIBRARY = "libc++";
				CLANG_ENABLE_MODULES = YES;
				CLANG_ENABLE_OBJC_ARC = YES;
				CLANG_ENABLE_OBJC_WEAK = YES;
				CLANG_WARN_BLOCK_CAPTURE_AUTORELEASING = YES;
				CLANG_WARN_BOOL_CONVERSION = YES;
				CLANG_WARN_COMMA = YES;
				CLANG_WARN_CONSTANT_CONVERSION = YES;
				CLANG_WARN_DEPRECATED_OBJC_IMPLEMENTATIONS = YES;
				CLANG_WARN_DIRECT_OBJC_ISA_USAGE = YES_ERROR;
				CLANG_WARN_DOCUMENTATION_COMMENTS = YES;
				CLANG_WARN_EMPTY_BODY = YES;
				CLANG_WARN_ENUM_CONVERSION = YES;
				CLANG_WARN_INFINITE_RECURSION = YES;
				CLANG_WARN_INT_CONVERSION = YES;
				CLANG_WARN_NON_LITERAL_NULL_CONVERSION = YES;
				CLANG_WARN_OBJC_IMPLICIT_RETAIN_SELF = YES;
				CLANG_WARN_OBJC_LITERAL_CONVERSION = YES;
				CLANG_WARN_OBJC_ROOT_CLASS = YES_ERROR;
				CLANG_WARN_RANGE_LOOP_ANALYSIS = YES;
				CLANG_WARN_STRICT_PROTOTYPES = YES;
				CLANG_WARN_SUSPICIOUS_MOVE = YES;
				CLANG_WARN_UNGUARDED_AVAILABILITY = YES_AGGRESSIVE;
				CLANG_WARN_UNREACHABLE_CODE = YES;
				CLANG_WARN__DUPLICATE_METHOD_MATCH = YES;
				CODE_SIGN_IDENTITY = "iPhone Developer";
				COPY_PHASE_STRIP = NO;
				DEBUG_INFORMATION_FORMAT = dwarf;
				ENABLE_STRICT_OBJC_MSGSEND = YES;
				ENABLE_TESTABILITY = YES;
				GCC_C_LANGUAGE_STANDARD = gnu11;
				GCC_DYNAMIC_NO_PIC = NO;
				GCC_NO_COMMON_BLOCKS = YES;
				GCC_OPTIMIZATION_LEVEL = 0;
				GCC_PREPROCESSOR_DEFINITIONS = (
					"DEBUG=1",
					"$(inherited)",
				);
				GCC_WARN_64_TO_32_BIT_CONVERSION = YES;
				GCC_WARN_ABOUT_RETURN_TYPE = YES_ERROR;
				GCC_WARN_UNDECLARED_SELECTOR = YES;
				GCC_WARN_UNINITIALIZED_AUTOS = YES_AGGRESSIVE;
				GCC_WARN_UNUSED_FUNCTION = YES;
				GCC_WARN_UNUSED_VARIABLE = YES;
				IPHONEOS_DEPLOYMENT_TARGET = 12.2;
				MTL_ENABLE_DEBUG_INFO = INCLUDE_SOURCE;
				MTL_FAST_MATH = YES;
				ONLY_ACTIVE_ARCH = YES;
				SDKROOT = iphoneos;
				SWIFT_ACTIVE_COMPILATION_CONDITIONS = DEBUG;
				SWIFT_OPTIMIZATION_LEVEL = "-Onone";
			};
			name = Debug;
		};
		D4419BE022C86974009E0882 /* Release */ = {
			isa = XCBuildConfiguration;
			buildSettings = {
				ALWAYS_SEARCH_USER_PATHS = NO;
				CLANG_ANALYZER_NONNULL = YES;
				CLANG_ANALYZER_NUMBER_OBJECT_CONVERSION = YES_AGGRESSIVE;
				CLANG_CXX_LANGUAGE_STANDARD = "gnu++14";
				CLANG_CXX_LIBRARY = "libc++";
				CLANG_ENABLE_MODULES = YES;
				CLANG_ENABLE_OBJC_ARC = YES;
				CLANG_ENABLE_OBJC_WEAK = YES;
				CLANG_WARN_BLOCK_CAPTURE_AUTORELEASING = YES;
				CLANG_WARN_BOOL_CONVERSION = YES;
				CLANG_WARN_COMMA = YES;
				CLANG_WARN_CONSTANT_CONVERSION = YES;
				CLANG_WARN_DEPRECATED_OBJC_IMPLEMENTATIONS = YES;
				CLANG_WARN_DIRECT_OBJC_ISA_USAGE = YES_ERROR;
				CLANG_WARN_DOCUMENTATION_COMMENTS = YES;
				CLANG_WARN_EMPTY_BODY = YES;
				CLANG_WARN_ENUM_CONVERSION = YES;
				CLANG_WARN_INFINITE_RECURSION = YES;
				CLANG_WARN_INT_CONVERSION = YES;
				CLANG_WARN_NON_LITERAL_NULL_CONVERSION = YES;
				CLANG_WARN_OBJC_IMPLICIT_RETAIN_SELF = YES;
				CLANG_WARN_OBJC_LITERAL_CONVERSION = YES;
				CLANG_WARN_OBJC_ROOT_CLASS = YES_ERROR;
				CLANG_WARN_RANGE_LOOP_ANALYSIS = YES;
				CLANG_WARN_STRICT_PROTOTYPES = YES;
				CLANG_WARN_SUSPICIOUS_MOVE = YES;
				CLANG_WARN_UNGUARDED_AVAILABILITY = YES_AGGRESSIVE;
				CLANG_WARN_UNREACHABLE_CODE = YES;
				CLANG_WARN__DUPLICATE_METHOD_MATCH = YES;
				CODE_SIGN_IDENTITY = "iPhone Developer";
				COPY_PHASE_STRIP = NO;
				DEBUG_INFORMATION_FORMAT = "dwarf-with-dsym";
				ENABLE_NS_ASSERTIONS = NO;
				ENABLE_STRICT_OBJC_MSGSEND = YES;
				GCC_C_LANGUAGE_STANDARD = gnu11;
				GCC_NO_COMMON_BLOCKS = YES;
				GCC_WARN_64_TO_32_BIT_CONVERSION = YES;
				GCC_WARN_ABOUT_RETURN_TYPE = YES_ERROR;
				GCC_WARN_UNDECLARED_SELECTOR = YES;
				GCC_WARN_UNINITIALIZED_AUTOS = YES_AGGRESSIVE;
				GCC_WARN_UNUSED_FUNCTION = YES;
				GCC_WARN_UNUSED_VARIABLE = YES;
				IPHONEOS_DEPLOYMENT_TARGET = 12.2;
				MTL_ENABLE_DEBUG_INFO = NO;
				MTL_FAST_MATH = YES;
				SDKROOT = iphoneos;
				SWIFT_COMPILATION_MODE = wholemodule;
				SWIFT_OPTIMIZATION_LEVEL = "-O";
				VALIDATE_PRODUCT = YES;
			};
			name = Release;
		};
		D4419BE222C86974009E0882 /* Debug */ = {
			isa = XCBuildConfiguration;
			baseConfigurationReference = E0232E9FAF2A21E8FC2B42FC /* Pods-audio-practice.debug.xcconfig */;
			buildSettings = {
				ASSETCATALOG_COMPILER_APPICON_NAME = AppIcon;
				CODE_SIGN_STYLE = Automatic;
				INFOPLIST_FILE = "audio-practice/Info.plist";
				IPHONEOS_DEPLOYMENT_TARGET = 11.0;
				LD_RUNPATH_SEARCH_PATHS = (
					"$(inherited)",
					"@executable_path/Frameworks",
				);
				PRODUCT_BUNDLE_IDENTIFIER = "com.shima.app.audio-practice";
				PRODUCT_NAME = "$(TARGET_NAME)";
				SWIFT_VERSION = 5.0;
				TARGETED_DEVICE_FAMILY = "1,2";
			};
			name = Debug;
		};
		D4419BE322C86974009E0882 /* Release */ = {
			isa = XCBuildConfiguration;
			baseConfigurationReference = 85D751E9780B552588255112 /* Pods-audio-practice.release.xcconfig */;
			buildSettings = {
				ASSETCATALOG_COMPILER_APPICON_NAME = AppIcon;
				CODE_SIGN_STYLE = Automatic;
				INFOPLIST_FILE = "audio-practice/Info.plist";
				IPHONEOS_DEPLOYMENT_TARGET = 11.0;
				LD_RUNPATH_SEARCH_PATHS = (
					"$(inherited)",
					"@executable_path/Frameworks",
				);
				PRODUCT_BUNDLE_IDENTIFIER = "com.shima.app.audio-practice";
				PRODUCT_NAME = "$(TARGET_NAME)";
				SWIFT_VERSION = 5.0;
				TARGETED_DEVICE_FAMILY = "1,2";
			};
			name = Release;
		};
/* End XCBuildConfiguration section */

/* Begin XCConfigurationList section */
		D4419BCA22C86971009E0882 /* Build configuration list for PBXProject "audio-practice" */ = {
			isa = XCConfigurationList;
			buildConfigurations = (
				D4419BDF22C86974009E0882 /* Debug */,
				D4419BE022C86974009E0882 /* Release */,
			);
			defaultConfigurationIsVisible = 0;
			defaultConfigurationName = Release;
		};
		D4419BE122C86974009E0882 /* Build configuration list for PBXNativeTarget "audio-practice" */ = {
			isa = XCConfigurationList;
			buildConfigurations = (
				D4419BE222C86974009E0882 /* Debug */,
				D4419BE322C86974009E0882 /* Release */,
			);
			defaultConfigurationIsVisible = 0;
			defaultConfigurationName = Release;
		};
/* End XCConfigurationList section */
	};
	rootObject = D4419BC722C86971009E0882 /* Project object */;
}
